
Microsoft Visual Studio Solution File, Format Version 12.00
# Visual Studio Version 16
VisualStudioVersion = 16.0.30225.117
MinimumVisualStudioVersion = 10.0.40219.1
Project("{FAE04EC0-301F-11D3-BF4B-00C04F79EFBC}") = "Oef2", "Oef2\Oef2.csproj", "{BB7E1497-A38D-4B3D-838B-3C46EA799C9A}"
EndProject
Global
	GlobalSection(SolutionConfigurationPlatforms) = preSolution
		Debug|Any CPU = Debug|Any CPU
		Release|Any CPU = Release|Any CPU
	EndGlobalSection
	GlobalSection(ProjectConfigurationPlatforms) = postSolution
		{BB7E1497-A38D-4B3D-838B-3C46EA799C9A}.Debug|Any CPU.ActiveCfg = Debug|Any CPU
		{BB7E1497-A38D-4B3D-838B-3C46EA799C9A}.Debug|Any CPU.Build.0 = Debug|Any CPU
		{BB7E1497-A38D-4B3D-838B-3C46EA799C9A}.Release|Any CPU.ActiveCfg = Release|Any CPU
		{BB7E1497-A38D-4B3D-838B-3C46EA799C9A}.Release|Any CPU.Build.0 = Release|Any CPU
	EndGlobalSection
	GlobalSection(SolutionProperties) = preSolution
		HideSolutionNode = FALSE
	EndGlobalSection
	GlobalSection(ExtensibilityGlobals) = postSolution
		SolutionGuid = {BCF23C32-12F7-4AC8-B2D2-AC5AD21EE69C}
	EndGlobalSection
EndGlobal
